
Microsoft Visual Studio Solution File, Format Version 12.00
# Visual Studio 15
VisualStudioVersion = 15.0.27703.2035
MinimumVisualStudioVersion = 10.0.40219.1
Project("{8BC9CEB8-8B4A-11D0-8D11-00A0C91BC942}") = "56", "56\56.vcxproj", "{89E5E7C6-6032-406B-87E5-795F80AF9F32}"
EndProject
Global
	GlobalSection(SolutionConfigurationPlatforms) = preSolution
		Debug|x64 = Debug|x64
		Debug|x86 = Debug|x86
		Release|x64 = Release|x64
		Release|x86 = Release|x86
	EndGlobalSection
	GlobalSection(ProjectConfigurationPlatforms) = postSolution
		{89E5E7C6-6032-406B-87E5-795F80AF9F32}.Debug|x64.ActiveCfg = Debug|x64
		{89E5E7C6-6032-406B-87E5-795F80AF9F32}.Debug|x64.Build.0 = Debug|x64
		{89E5E7C6-6032-406B-87E5-795F80AF9F32}.Debug|x86.ActiveCfg = Debug|Win32
		{89E5E7C6-6032-406B-87E5-795F80AF9F32}.Debug|x86.Build.0 = Debug|Win32
		{89E5E7C6-6032-406B-87E5-795F80AF9F32}.Release|x64.ActiveCfg = Release|x64
		{89E5E7C6-6032-406B-87E5-795F80AF9F32}.Release|x64.Build.0 = Release|x64
		{89E5E7C6-6032-406B-87E5-795F80AF9F32}.Release|x86.ActiveCfg = Release|Win32
		{89E5E7C6-6032-406B-87E5-795F80AF9F32}.Release|x86.Build.0 = Release|Win32
	EndGlobalSection
	GlobalSection(SolutionProperties) = preSolution
		HideSolutionNode = FALSE
	EndGlobalSection
	GlobalSection(ExtensibilityGlobals) = postSolution
		SolutionGuid = {02338ECE-D1FD-4358-BF42-BBCD0D19CA42}
	EndGlobalSection
EndGlobal
